
Microsoft Visual Studio Solution File, Format Version 12.00
# Visual Studio 15
Project("{FAE04EC0-301F-11D3-BF4B-00C04F79EFBC}") = "Assembly-CSharp", "Assembly-CSharp.csproj", "{5BE1440A-5B26-E594-8DDE-92B3E9A49DA8}"
EndProject
Project("{FAE04EC0-301F-11D3-BF4B-00C04F79EFBC}") = "Assembly-CSharp-Editor", "Assembly-CSharp-Editor.csproj", "{314F0274-02AA-90E9-6722-7F7198054D37}"
EndProject
Global
	GlobalSection(SolutionConfigurationPlatforms) = preSolution
		Debug|Any CPU = Debug|Any CPU
		Release|Any CPU = Release|Any CPU
	EndGlobalSection
	GlobalSection(ProjectConfigurationPlatforms) = postSolution
		{5BE1440A-5B26-E594-8DDE-92B3E9A49DA8}.Debug|Any CPU.ActiveCfg = Debug|Any CPU
		{5BE1440A-5B26-E594-8DDE-92B3E9A49DA8}.Debug|Any CPU.Build.0 = Debug|Any CPU
		{5BE1440A-5B26-E594-8DDE-92B3E9A49DA8}.Release|Any CPU.ActiveCfg = Release|Any CPU
		{5BE1440A-5B26-E594-8DDE-92B3E9A49DA8}.Release|Any CPU.Build.0 = Release|Any CPU
		{314F0274-02AA-90E9-6722-7F7198054D37}.Debug|Any CPU.ActiveCfg = Debug|Any CPU
		{314F0274-02AA-90E9-6722-7F7198054D37}.Debug|Any CPU.Build.0 = Debug|Any CPU
		{314F0274-02AA-90E9-6722-7F7198054D37}.Release|Any CPU.ActiveCfg = Release|Any CPU
		{314F0274-02AA-90E9-6722-7F7198054D37}.Release|Any CPU.Build.0 = Release|Any CPU
	EndGlobalSection
	GlobalSection(SolutionProperties) = preSolution
		HideSolutionNode = FALSE
	EndGlobalSection
EndGlobal
